
Microsoft Visual Studio Solution File, Format Version 12.00
# Visual Studio Version 17
VisualStudioVersion = 17.11.35327.3
MinimumVisualStudioVersion = 10.0.40219.1
Project("{FAE04EC0-301F-11D3-BF4B-00C04F79EFBC}") = "ClientStorage.Server", "ClientStorage\ClientStorage.Server.csproj", "{CE381B4B-5A96-466D-8113-B45FCE718F6F}"
EndProject
Project("{FAE04EC0-301F-11D3-BF4B-00C04F79EFBC}") = "ClientStorage.Database", "ClientStorage.Database\ClientStorage.Database.csproj", "{C0B3E072-A9DF-4BCB-9924-3B6EFC9C1855}"
EndProject
Global
	GlobalSection(SolutionConfigurationPlatforms) = preSolution
		Debug|Any CPU = Debug|Any CPU
		Release|Any CPU = Release|Any CPU
	EndGlobalSection
	GlobalSection(ProjectConfigurationPlatforms) = postSolution
		{CE381B4B-5A96-466D-8113-B45FCE718F6F}.Debug|Any CPU.ActiveCfg = Debug|Any CPU
		{CE381B4B-5A96-466D-8113-B45FCE718F6F}.Debug|Any CPU.Build.0 = Debug|Any CPU
		{CE381B4B-5A96-466D-8113-B45FCE718F6F}.Release|Any CPU.ActiveCfg = Release|Any CPU
		{CE381B4B-5A96-466D-8113-B45FCE718F6F}.Release|Any CPU.Build.0 = Release|Any CPU
		{C0B3E072-A9DF-4BCB-9924-3B6EFC9C1855}.Debug|Any CPU.ActiveCfg = Debug|Any CPU
		{C0B3E072-A9DF-4BCB-9924-3B6EFC9C1855}.Debug|Any CPU.Build.0 = Debug|Any CPU
		{C0B3E072-A9DF-4BCB-9924-3B6EFC9C1855}.Release|Any CPU.ActiveCfg = Release|Any CPU
		{C0B3E072-A9DF-4BCB-9924-3B6EFC9C1855}.Release|Any CPU.Build.0 = Release|Any CPU
	EndGlobalSection
	GlobalSection(SolutionProperties) = preSolution
		HideSolutionNode = FALSE
	EndGlobalSection
	GlobalSection(ExtensibilityGlobals) = postSolution
		SolutionGuid = {91DD6CC4-3FD4-4D45-A940-CB104E4D65BB}
	EndGlobalSection
EndGlobal
